
Microsoft Visual Studio Solution File, Format Version 12.00
# Visual Studio Version 17
VisualStudioVersion = 17.3.32901.215
MinimumVisualStudioVersion = 10.0.40219.1
Project("{FAE04EC0-301F-11D3-BF4B-00C04F79EFBC}") = "WPFASZverés", "WPFASZverés\WPFASZverés.csproj", "{094A75A3-67E4-408F-86EE-FBAB1D9FB605}"
EndProject
Global
	GlobalSection(SolutionConfigurationPlatforms) = preSolution
		Debug|Any CPU = Debug|Any CPU
		Release|Any CPU = Release|Any CPU
	EndGlobalSection
	GlobalSection(ProjectConfigurationPlatforms) = postSolution
		{094A75A3-67E4-408F-86EE-FBAB1D9FB605}.Debug|Any CPU.ActiveCfg = Debug|Any CPU
		{094A75A3-67E4-408F-86EE-FBAB1D9FB605}.Debug|Any CPU.Build.0 = Debug|Any CPU
		{094A75A3-67E4-408F-86EE-FBAB1D9FB605}.Release|Any CPU.ActiveCfg = Release|Any CPU
		{094A75A3-67E4-408F-86EE-FBAB1D9FB605}.Release|Any CPU.Build.0 = Release|Any CPU
	EndGlobalSection
	GlobalSection(SolutionProperties) = preSolution
		HideSolutionNode = FALSE
	EndGlobalSection
	GlobalSection(ExtensibilityGlobals) = postSolution
		SolutionGuid = {9B0D376D-428C-4724-817A-3BCD1EE99373}
	EndGlobalSection
EndGlobal
